
Microsoft Visual Studio Solution File, Format Version 12.00
# Visual Studio Version 17
VisualStudioVersion = 17.3.32819.101
MinimumVisualStudioVersion = 10.0.40219.1
Project("{FAE04EC0-301F-11D3-BF4B-00C04F79EFBC}") = "Калькулятор", "Калькулятор\Калькулятор.csproj", "{BD5FEA7D-0E0A-473A-8858-E7B76E9DF441}"
EndProject
Global
	GlobalSection(SolutionConfigurationPlatforms) = preSolution
		Debug|Any CPU = Debug|Any CPU
		Release|Any CPU = Release|Any CPU
	EndGlobalSection
	GlobalSection(ProjectConfigurationPlatforms) = postSolution
		{BD5FEA7D-0E0A-473A-8858-E7B76E9DF441}.Debug|Any CPU.ActiveCfg = Debug|Any CPU
		{BD5FEA7D-0E0A-473A-8858-E7B76E9DF441}.Debug|Any CPU.Build.0 = Debug|Any CPU
		{BD5FEA7D-0E0A-473A-8858-E7B76E9DF441}.Release|Any CPU.ActiveCfg = Release|Any CPU
		{BD5FEA7D-0E0A-473A-8858-E7B76E9DF441}.Release|Any CPU.Build.0 = Release|Any CPU
	EndGlobalSection
	GlobalSection(SolutionProperties) = preSolution
		HideSolutionNode = FALSE
	EndGlobalSection
	GlobalSection(ExtensibilityGlobals) = postSolution
		SolutionGuid = {9155A52E-FB24-43CB-8F5D-D028A4F55404}
	EndGlobalSection
EndGlobal
